
Microsoft Visual Studio Solution File, Format Version 12.00
# Visual Studio Version 17
VisualStudioVersion = 17.1.32328.378
MinimumVisualStudioVersion = 10.0.40219.1
Project("{FAE04EC0-301F-11D3-BF4B-00C04F79EFBC}") = "TestBench", "TestBench\TestBench.csproj", "{EE8E94A4-270F-429B-90F2-991F25C54BDD}"
EndProject
Global
	GlobalSection(SolutionConfigurationPlatforms) = preSolution
		Debug|Any CPU = Debug|Any CPU
		Release|Any CPU = Release|Any CPU
	EndGlobalSection
	GlobalSection(ProjectConfigurationPlatforms) = postSolution
		{EE8E94A4-270F-429B-90F2-991F25C54BDD}.Debug|Any CPU.ActiveCfg = Debug|Any CPU
		{EE8E94A4-270F-429B-90F2-991F25C54BDD}.Debug|Any CPU.Build.0 = Debug|Any CPU
		{EE8E94A4-270F-429B-90F2-991F25C54BDD}.Release|Any CPU.ActiveCfg = Release|Any CPU
		{EE8E94A4-270F-429B-90F2-991F25C54BDD}.Release|Any CPU.Build.0 = Release|Any CPU
	EndGlobalSection
	GlobalSection(SolutionProperties) = preSolution
		HideSolutionNode = FALSE
	EndGlobalSection
	GlobalSection(ExtensibilityGlobals) = postSolution
		SolutionGuid = {071B9894-C366-4FCA-946D-0DFADB3898BB}
	EndGlobalSection
EndGlobal
